// !$*UTF8*$!
{
	archiveVersion = 1;
	classes = {
	};
	objectVersion = 56;
	objects = {

/* Begin PBXBuildFile section */
		E5FF4F2B2CAE7B5C00D4F1FC /* lab3App.swift in Sources */ = {isa = PBXBuildFile; fileRef = E5FF4F2A2CAE7B5C00D4F1FC /* lab3App.swift */; };
		E5FF4F2D2CAE7B5C00D4F1FC /* ContentView.swift in Sources */ = {isa = PBXBuildFile; fileRef = E5FF4F2C2CAE7B5C00D4F1FC /* ContentView.swift */; };
		E5FF4F2F2CAE7B5D00D4F1FC /* Assets.xcassets in Resources */ = {isa = PBXBuildFile; fileRef = E5FF4F2E2CAE7B5D00D4F1FC /* Assets.xcassets */; };
		E5FF4F322CAE7B5D00D4F1FC /* Preview Assets.xcassets in Resources */ = {isa = PBXBuildFile; fileRef = E5FF4F312CAE7B5D00D4F1FC /* Preview Assets.xcassets */; };
		E5FF4F3C2CAE7B5E00D4F1FC /* lab3Tests.swift in Sources */ = {isa = PBXBuildFile; fileRef = E5FF4F3B2CAE7B5E00D4F1FC /* lab3Tests.swift */; };
		E5FF4F462CAE7B5E00D4F1FC /* lab3UITests.swift in Sources */ = {isa = PBXBuildFile; fileRef = E5FF4F452CAE7B5E00D4F1FC /* lab3UITests.swift */; };
		E5FF4F482CAE7B5E00D4F1FC /* lab3UITestsLaunchTests.swift in Sources */ = {isa = PBXBuildFile; fileRef = E5FF4F472CAE7B5E00D4F1FC /* lab3UITestsLaunchTests.swift */; };
/* End PBXBuildFile section */

/* Begin PBXContainerItemProxy section */
		E5FF4F382CAE7B5E00D4F1FC /* PBXContainerItemProxy */ = {
			isa = PBXContainerItemProxy;
			containerPortal = E5FF4F1F2CAE7B5C00D4F1FC /* Project object */;
			proxyType = 1;
			remoteGlobalIDString = E5FF4F262CAE7B5C00D4F1FC;
			remoteInfo = lab3;
		};
		E5FF4F422CAE7B5E00D4F1FC /* PBXContainerItemProxy */ = {
			isa = PBXContainerItemProxy;
			containerPortal = E5FF4F1F2CAE7B5C00D4F1FC /* Project object */;
			proxyType = 1;
			remoteGlobalIDString = E5FF4F262CAE7B5C00D4F1FC;
			remoteInfo = lab3;
		};
/* End PBXContainerItemProxy section */

/* Begin PBXFileReference section */
		E5FF4F272CAE7B5C00D4F1FC /* lab3.app */ = {isa = PBXFileReference; explicitFileType = wrapper.application; includeInIndex = 0; path = lab3.app; sourceTree = BUILT_PRODUCTS_DIR; };
		E5FF4F2A2CAE7B5C00D4F1FC /* lab3App.swift */ = {isa = PBXFileReference; lastKnownFileType = sourcecode.swift; path = lab3App.swift; sourceTree = "<group>"; };
		E5FF4F2C2CAE7B5C00D4F1FC /* ContentView.swift */ = {isa = PBXFileReference; lastKnownFileType = sourcecode.swift; path = ContentView.swift; sourceTree = "<group>"; };
		E5FF4F2E2CAE7B5D00D4F1FC /* Assets.xcassets */ = {isa = PBXFileReference; lastKnownFileType = folder.assetcatalog; path = Assets.xcassets; sourceTree = "<group>"; };
		E5FF4F312CAE7B5D00D4F1FC /* Preview Assets.xcassets */ = {isa = PBXFileReference; lastKnownFileType = folder.assetcatalog; path = "Preview Assets.xcassets"; sourceTree = "<group>"; };
		E5FF4F372CAE7B5E00D4F1FC /* lab3Tests.xctest */ = {isa = PBXFileReference; explicitFileType = wrapper.cfbundle; includeInIndex = 0; path = lab3Tests.xctest; sourceTree = BUILT_PRODUCTS_DIR; };
		E5FF4F3B2CAE7B5E00D4F1FC /* lab3Tests.swift */ = {isa = PBXFileReference; lastKnownFileType = sourcecode.swift; path = lab3Tests.swift; sourceTree = "<group>"; };
		E5FF4F412CAE7B5E00D4F1FC /* lab3UITests.xctest */ = {isa = PBXFileReference; explicitFileType = wrapper.cfbundle; includeInIndex = 0; path = lab3UITests.xctest; sourceTree = BUILT_PRODUCTS_DIR; };
		E5FF4F452CAE7B5E00D4F1FC /* lab3UITests.swift */ = {isa = PBXFileReference; lastKnownFileType = sourcecode.swift; path = lab3UITests.swift; sourceTree = "<group>"; };
		E5FF4F472CAE7B5E00D4F1FC /* lab3UITestsLaunchTests.swift */ = {isa = PBXFileReference; lastKnownFileType = sourcecode.swift; path = lab3UITestsLaunchTests.swift; sourceTree = "<group>"; };
/* End PBXFileReference section */

/* Begin PBXFrameworksBuildPhase section */
		E5FF4F242CAE7B5C00D4F1FC /* Frameworks */ = {
			isa = PBXFrameworksBuildPhase;
			buildActionMask = 2147483647;
			files = (
			);
			runOnlyForDeploymentPostprocessing = 0;
		};
		E5FF4F342CAE7B5E00D4F1FC /* Frameworks */ = {
			isa = PBXFrameworksBuildPhase;
			buildActionMask = 2147483647;
			files = (
			);
			runOnlyForDeploymentPostprocessing = 0;
		};
		E5FF4F3E2CAE7B5E00D4F1FC /* Frameworks */ = {
			isa = PBXFrameworksBuildPhase;
			buildActionMask = 2147483647;
			files = (
			);
			runOnlyForDeploymentPostprocessing = 0;
		};
/* End PBXFrameworksBuildPhase section */

/* Begin PBXGroup section */
		E5FF4F1E2CAE7B5C00D4F1FC = {
			isa = PBXGroup;
			children = (
				E5FF4F292CAE7B5C00D4F1FC /* lab3 */,
				E5FF4F3A2CAE7B5E00D4F1FC /* lab3Tests */,
				E5FF4F442CAE7B5E00D4F1FC /* lab3UITests */,
				E5FF4F282CAE7B5C00D4F1FC /* Products */,
			);
			sourceTree = "<group>";
		};
		E5FF4F282CAE7B5C00D4F1FC /* Products */ = {
			isa = PBXGroup;
			children = (
				E5FF4F272CAE7B5C00D4F1FC /* lab3.app */,
				E5FF4F372CAE7B5E00D4F1FC /* lab3Tests.xctest */,
				E5FF4F412CAE7B5E00D4F1FC /* lab3UITests.xctest */,
			);
			name = Products;
			sourceTree = "<group>";
		};
		E5FF4F292CAE7B5C00D4F1FC /* lab3 */ = {
			isa = PBXGroup;
			children = (
				E5FF4F2A2CAE7B5C00D4F1FC /* lab3App.swift */,
				E5FF4F2C2CAE7B5C00D4F1FC /* ContentView.swift */,
				E5FF4F2E2CAE7B5D00D4F1FC /* Assets.xcassets */,
				E5FF4F302CAE7B5D00D4F1FC /* Preview Content */,
			);
			path = lab3;
			sourceTree = "<group>";
		};
		E5FF4F302CAE7B5D00D4F1FC /* Preview Content */ = {
			isa = PBXGroup;
			children = (
				E5FF4F312CAE7B5D00D4F1FC /* Preview Assets.xcassets */,
			);
			path = "Preview Content";
			sourceTree = "<group>";
		};
		E5FF4F3A2CAE7B5E00D4F1FC /* lab3Tests */ = {
			isa = PBXGroup;
			children = (
				E5FF4F3B2CAE7B5E00D4F1FC /* lab3Tests.swift */,
			);
			path = lab3Tests;
			sourceTree = "<group>";
		};
		E5FF4F442CAE7B5E00D4F1FC /* lab3UITests */ = {
			isa = PBXGroup;
			children = (
				E5FF4F452CAE7B5E00D4F1FC /* lab3UITests.swift */,
				E5FF4F472CAE7B5E00D4F1FC /* lab3UITestsLaunchTests.swift */,
			);
			path = lab3UITests;
			sourceTree = "<group>";
		};
/* End PBXGroup section */

/* Begin PBXNativeTarget section */
		E5FF4F262CAE7B5C00D4F1FC /* lab3 */ = {
			isa = PBXNativeTarget;
			buildConfigurationList = E5FF4F4B2CAE7B5E00D4F1FC /* Build configuration list for PBXNativeTarget "lab3" */;
			buildPhases = (
				E5FF4F232CAE7B5C00D4F1FC /* Sources */,
				E5FF4F242CAE7B5C00D4F1FC /* Frameworks */,
				E5FF4F252CAE7B5C00D4F1FC /* Resources */,
			);
			buildRules = (
			);
			dependencies = (
			);
			name = lab3;
			productName = lab3;
			productReference = E5FF4F272CAE7B5C00D4F1FC /* lab3.app */;
			productType = "com.apple.product-type.application";
		};
		E5FF4F362CAE7B5E00D4F1FC /* lab3Tests */ = {
			isa = PBXNativeTarget;
			buildConfigurationList = E5FF4F4E2CAE7B5E00D4F1FC /* Build configuration list for PBXNativeTarget "lab3Tests" */;
			buildPhases = (
				E5FF4F332CAE7B5E00D4F1FC /* Sources */,
				E5FF4F342CAE7B5E00D4F1FC /* Frameworks */,
				E5FF4F352CAE7B5E00D4F1FC /* Resources */,
			);
			buildRules = (
			);
			dependencies = (
				E5FF4F392CAE7B5E00D4F1FC /* PBXTargetDependency */,
			);
			name = lab3Tests;
			productName = lab3Tests;
			productReference = E5FF4F372CAE7B5E00D4F1FC /* lab3Tests.xctest */;
			productType = "com.apple.product-type.bundle.unit-test";
		};
		E5FF4F402CAE7B5E00D4F1FC /* lab3UITests */ = {
			isa = PBXNativeTarget;
			buildConfigurationList = E5FF4F512CAE7B5E00D4F1FC /* Build configuration list for PBXNativeTarget "lab3UITests" */;
			buildPhases = (
				E5FF4F3D2CAE7B5E00D4F1FC /* Sources */,
				E5FF4F3E2CAE7B5E00D4F1FC /* Frameworks */,
				E5FF4F3F2CAE7B5E00D4F1FC /* Resources */,
			);
			buildRules = (
			);
			dependencies = (
				E5FF4F432CAE7B5E00D4F1FC /* PBXTargetDependency */,
			);
			name = lab3UITests;
			productName = lab3UITests;
			productReference = E5FF4F412CAE7B5E00D4F1FC /* lab3UITests.xctest */;
			productType = "com.apple.product-type.bundle.ui-testing";
		};
/* End PBXNativeTarget section */

/* Begin PBXProject section */
		E5FF4F1F2CAE7B5C00D4F1FC /* Project object */ = {
			isa = PBXProject;
			attributes = {
				BuildIndependentTargetsInParallel = 1;
				LastSwiftUpdateCheck = 1540;
				LastUpgradeCheck = 1540;
				TargetAttributes = {
					E5FF4F262CAE7B5C00D4F1FC = {
						CreatedOnToolsVersion = 15.4;
					};
					E5FF4F362CAE7B5E00D4F1FC = {
						CreatedOnToolsVersion = 15.4;
						TestTargetID = E5FF4F262CAE7B5C00D4F1FC;
					};
					E5FF4F402CAE7B5E00D4F1FC = {
						CreatedOnToolsVersion = 15.4;
						TestTargetID = E5FF4F262CAE7B5C00D4F1FC;
					};
				};
			};
			buildConfigurationList = E5FF4F222CAE7B5C00D4F1FC /* Build configuration list for PBXProject "lab3" */;
			compatibilityVersion = "Xcode 14.0";
			developmentRegion = en;
			hasScannedForEncodings = 0;
			knownRegions = (
				en,
				Base,
			);
			mainGroup = E5FF4F1E2CAE7B5C00D4F1FC;
			productRefGroup = E5FF4F282CAE7B5C00D4F1FC /* Products */;
			projectDirPath = "";
			projectRoot = "";
			targets = (
				E5FF4F262CAE7B5C00D4F1FC /* lab3 */,
				E5FF4F362CAE7B5E00D4F1FC /* lab3Tests */,
				E5FF4F402CAE7B5E00D4F1FC /* lab3UITests */,
			);
		};
/* End PBXProject section */

/* Begin PBXResourcesBuildPhase section */
		E5FF4F252CAE7B5C00D4F1FC /* Resources */ = {
			isa = PBXResourcesBuildPhase;
			buildActionMask = 2147483647;
			files = (
				E5FF4F322CAE7B5D00D4F1FC /* Preview Assets.xcassets in Resources */,
				E5FF4F2F2CAE7B5D00D4F1FC /* Assets.xcassets in Resources */,
			);
			runOnlyForDeploymentPostprocessing = 0;
		};
		E5FF4F352CAE7B5E00D4F1FC /* Resources */ = {
			isa = PBXResourcesBuildPhase;
			buildActionMask = 2147483647;
			files = (
			);
			runOnlyForDeploymentPostprocessing = 0;
		};
		E5FF4F3F2CAE7B5E00D4F1FC /* Resources */ = {
			isa = PBXResourcesBuildPhase;
			buildActionMask = 2147483647;
			files = (
			);
			runOnlyForDeploymentPostprocessing = 0;
		};
/* End PBXResourcesBuildPhase section */

/* Begin PBXSourcesBuildPhase section */
		E5FF4F232CAE7B5C00D4F1FC /* Sources */ = {
			isa = PBXSourcesBuildPhase;
			buildActionMask = 2147483647;
			files = (
				E5FF4F2D2CAE7B5C00D4F1FC /* ContentView.swift in Sources */,
				E5FF4F2B2CAE7B5C00D4F1FC /* lab3App.swift in Sources */,
			);
			runOnlyForDeploymentPostprocessing = 0;
		};
		E5FF4F332CAE7B5E00D4F1FC /* Sources */ = {
			isa = PBXSourcesBuildPhase;
			buildActionMask = 2147483647;
			files = (
				E5FF4F3C2CAE7B5E00D4F1FC /* lab3Tests.swift in Sources */,
			);
			runOnlyForDeploymentPostprocessing = 0;
		};
		E5FF4F3D2CAE7B5E00D4F1FC /* Sources */ = {
			isa = PBXSourcesBuildPhase;
			buildActionMask = 2147483647;
			files = (
				E5FF4F482CAE7B5E00D4F1FC /* lab3UITestsLaunchTests.swift in Sources */,
				E5FF4F462CAE7B5E00D4F1FC /* lab3UITests.swift in Sources */,
			);
			runOnlyForDeploymentPostprocessing = 0;
		};
/* End PBXSourcesBuildPhase section */

/* Begin PBXTargetDependency section */
		E5FF4F392CAE7B5E00D4F1FC /* PBXTargetDependency */ = {
			isa = PBXTargetDependency;
			target = E5FF4F262CAE7B5C00D4F1FC /* lab3 */;
			targetProxy = E5FF4F382CAE7B5E00D4F1FC /* PBXContainerItemProxy */;
		};
		E5FF4F432CAE7B5E00D4F1FC /* PBXTargetDependency */ = {
			isa = PBXTargetDependency;
			target = E5FF4F262CAE7B5C00D4F1FC /* lab3 */;
			targetProxy = E5FF4F422CAE7B5E00D4F1FC /* PBXContainerItemProxy */;
		};
/* End PBXTargetDependency section */

/* Begin XCBuildConfiguration section */
		E5FF4F492CAE7B5E00D4F1FC /* Debug */ = {
			isa = XCBuildConfiguration;
			buildSettings = {
				ALWAYS_SEARCH_USER_PATHS = NO;
				ASSETCATALOG_COMPILER_GENERATE_SWIFT_ASSET_SYMBOL_EXTENSIONS = YES;
				CLANG_ANALYZER_NONNULL = YES;
				CLANG_ANALYZER_NUMBER_OBJECT_CONVERSION = YES_AGGRESSIVE;
				CLANG_CXX_LANGUAGE_STANDARD = "gnu++20";
				CLANG_ENABLE_MODULES = YES;
				CLANG_ENABLE_OBJC_ARC = YES;
				CLANG_ENABLE_OBJC_WEAK = YES;
				CLANG_WARN_BLOCK_CAPTURE_AUTORELEASING = YES;
				CLANG_WARN_BOOL_CONVERSION = YES;
				CLANG_WARN_COMMA = YES;
				CLANG_WARN_CONSTANT_CONVERSION = YES;
				CLANG_WARN_DEPRECATED_OBJC_IMPLEMENTATIONS = YES;
				CLANG_WARN_DIRECT_OBJC_ISA_USAGE = YES_ERROR;
				CLANG_WARN_DOCUMENTATION_COMMENTS = YES;
				CLANG_WARN_EMPTY_BODY = YES;
				CLANG_WARN_ENUM_CONVERSION = YES;
				CLANG_WARN_INFINITE_RECURSION = YES;
				CLANG_WARN_INT_CONVERSION = YES;
				CLANG_WARN_NON_LITERAL_NULL_CONVERSION = YES;
				CLANG_WARN_OBJC_IMPLICIT_RETAIN_SELF = YES;
				CLANG_WARN_OBJC_LITERAL_CONVERSION = YES;
				CLANG_WARN_OBJC_ROOT_CLASS = YES_ERROR;
				CLANG_WARN_QUOTED_INCLUDE_IN_FRAMEWORK_HEADER = YES;
				CLANG_WARN_RANGE_LOOP_ANALYSIS = YES;
				CLANG_WARN_STRICT_PROTOTYPES = YES;
				CLANG_WARN_SUSPICIOUS_MOVE = YES;
				CLANG_WARN_UNGUARDED_AVAILABILITY = YES_AGGRESSIVE;
				CLANG_WARN_UNREACHABLE_CODE = YES;
				CLANG_WARN__DUPLICATE_METHOD_MATCH = YES;
				COPY_PHASE_STRIP = NO;
				DEBUG_INFORMATION_FORMAT = dwarf;
				ENABLE_STRICT_OBJC_MSGSEND = YES;
				ENABLE_TESTABILITY = YES;
				ENABLE_USER_SCRIPT_SANDBOXING = YES;
				GCC_C_LANGUAGE_STANDARD = gnu17;
				GCC_DYNAMIC_NO_PIC = NO;
				GCC_NO_COMMON_BLOCKS = YES;
				GCC_OPTIMIZATION_LEVEL = 0;
				GCC_PREPROCESSOR_DEFINITIONS = (
					"DEBUG=1",
					"$(inherited)",
				);
				GCC_WARN_64_TO_32_BIT_CONVERSION = YES;
				GCC_WARN_ABOUT_RETURN_TYPE = YES_ERROR;
				GCC_WARN_UNDECLARED_SELECTOR = YES;
				GCC_WARN_UNINITIALIZED_AUTOS = YES_AGGRESSIVE;
				GCC_WARN_UNUSED_FUNCTION = YES;
				GCC_WARN_UNUSED_VARIABLE = YES;
				IPHONEOS_DEPLOYMENT_TARGET = 17.5;
				LOCALIZATION_PREFERS_STRING_CATALOGS = YES;
				MTL_ENABLE_DEBUG_INFO = INCLUDE_SOURCE;
				MTL_FAST_MATH = YES;
				ONLY_ACTIVE_ARCH = YES;
				SDKROOT = iphoneos;
				SWIFT_ACTIVE_COMPILATION_CONDITIONS = "DEBUG $(inherited)";
				SWIFT_OPTIMIZATION_LEVEL = "-Onone";
			};
			name = Debug;
		};
		E5FF4F4A2CAE7B5E00D4F1FC /* Release */ = {
			isa = XCBuildConfiguration;
			buildSettings = {
				ALWAYS_SEARCH_USER_PATHS = NO;
				ASSETCATALOG_COMPILER_GENERATE_SWIFT_ASSET_SYMBOL_EXTENSIONS = YES;
				CLANG_ANALYZER_NONNULL = YES;
				CLANG_ANALYZER_NUMBER_OBJECT_CONVERSION = YES_AGGRESSIVE;
				CLANG_CXX_LANGUAGE_STANDARD = "gnu++20";
				CLANG_ENABLE_MODULES = YES;
				CLANG_ENABLE_OBJC_ARC = YES;
				CLANG_ENABLE_OBJC_WEAK = YES;
				CLANG_WARN_BLOCK_CAPTURE_AUTORELEASING = YES;
				CLANG_WARN_BOOL_CONVERSION = YES;
				CLANG_WARN_COMMA = YES;
				CLANG_WARN_CONSTANT_CONVERSION = YES;
				CLANG_WARN_DEPRECATED_OBJC_IMPLEMENTATIONS = YES;
				CLANG_WARN_DIRECT_OBJC_ISA_USAGE = YES_ERROR;
				CLANG_WARN_DOCUMENTATION_COMMENTS = YES;
				CLANG_WARN_EMPTY_BODY = YES;
				CLANG_WARN_ENUM_CONVERSION = YES;
				CLANG_WARN_INFINITE_RECURSION = YES;
				CLANG_WARN_INT_CONVERSION = YES;
				CLANG_WARN_NON_LITERAL_NULL_CONVERSION = YES;
				CLANG_WARN_OBJC_IMPLICIT_RETAIN_SELF = YES;
				CLANG_WARN_OBJC_LITERAL_CONVERSION = YES;
				CLANG_WARN_OBJC_ROOT_CLASS = YES_ERROR;
				CLANG_WARN_QUOTED_INCLUDE_IN_FRAMEWORK_HEADER = YES;
				CLANG_WARN_RANGE_LOOP_ANALYSIS = YES;
				CLANG_WARN_STRICT_PROTOTYPES = YES;
				CLANG_WARN_SUSPICIOUS_MOVE = YES;
				CLANG_WARN_UNGUARDED_AVAILABILITY = YES_AGGRESSIVE;
				CLANG_WARN_UNREACHABLE_CODE = YES;
				CLANG_WARN__DUPLICATE_METHOD_MATCH = YES;
				COPY_PHASE_STRIP = NO;
				DEBUG_INFORMATION_FORMAT = "dwarf-with-dsym";
				ENABLE_NS_ASSERTIONS = NO;
				ENABLE_STRICT_OBJC_MSGSEND = YES;
				ENABLE_USER_SCRIPT_SANDBOXING = YES;
				GCC_C_LANGUAGE_STANDARD = gnu17;
				GCC_NO_COMMON_BLOCKS = YES;
				GCC_WARN_64_TO_32_BIT_CONVERSION = YES;
				GCC_WARN_ABOUT_RETURN_TYPE = YES_ERROR;
				GCC_WARN_UNDECLARED_SELECTOR = YES;
				GCC_WARN_UNINITIALIZED_AUTOS = YES_AGGRESSIVE;
				GCC_WARN_UNUSED_FUNCTION = YES;
				GCC_WARN_UNUSED_VARIABLE = YES;
				IPHONEOS_DEPLOYMENT_TARGET = 17.5;
				LOCALIZATION_PREFERS_STRING_CATALOGS = YES;
				MTL_ENABLE_DEBUG_INFO = NO;
				MTL_FAST_MATH = YES;
				SDKROOT = iphoneos;
				SWIFT_COMPILATION_MODE = wholemodule;
				VALIDATE_PRODUCT = YES;
			};
			name = Release;
		};
		E5FF4F4C2CAE7B5E00D4F1FC /* Debug */ = {
			isa = XCBuildConfiguration;
			buildSettings = {
				ASSETCATALOG_COMPILER_APPICON_NAME = AppIcon;
				ASSETCATALOG_COMPILER_GLOBAL_ACCENT_COLOR_NAME = AccentColor;
				CODE_SIGN_STYLE = Automatic;
				CURRENT_PROJECT_VERSION = 1;
				DEVELOPMENT_ASSET_PATHS = "\"lab3/Preview Content\"";
				ENABLE_PREVIEWS = YES;
				GENERATE_INFOPLIST_FILE = YES;
				INFOPLIST_KEY_UIApplicationSceneManifest_Generation = YES;
				INFOPLIST_KEY_UIApplicationSupportsIndirectInputEvents = YES;
				INFOPLIST_KEY_UILaunchScreen_Generation = YES;
				INFOPLIST_KEY_UISupportedInterfaceOrientations_iPad = "UIInterfaceOrientationPortrait UIInterfaceOrientationPortraitUpsideDown UIInterfaceOrientationLandscapeLeft UIInterfaceOrientationLandscapeRight";
				INFOPLIST_KEY_UISupportedInterfaceOrientations_iPhone = "UIInterfaceOrientationPortrait UIInterfaceOrientationLandscapeLeft UIInterfaceOrientationLandscapeRight";
				LD_RUNPATH_SEARCH_PATHS = (
					"$(inherited)",
					"@executable_path/Frameworks",
				);
				MARKETING_VERSION = 1.0;
				PRODUCT_BUNDLE_IDENTIFIER = ipz31.lab3;
				PRODUCT_NAME = "$(TARGET_NAME)";
				SWIFT_EMIT_LOC_STRINGS = YES;
				SWIFT_VERSION = 5.0;
				TARGETED_DEVICE_FAMILY = "1,2";
			};
			name = Debug;
		};
		E5FF4F4D2CAE7B5E00D4F1FC /* Release */ = {
			isa = XCBuildConfiguration;
			buildSettings = {
				ASSETCATALOG_COMPILER_APPICON_NAME = AppIcon;
				ASSETCATALOG_COMPILER_GLOBAL_ACCENT_COLOR_NAME = AccentColor;
				CODE_SIGN_STYLE = Automatic;
				CURRENT_PROJECT_VERSION = 1;
				DEVELOPMENT_ASSET_PATHS = "\"lab3/Preview Content\"";
				ENABLE_PREVIEWS = YES;
				GENERATE_INFOPLIST_FILE = YES;
				INFOPLIST_KEY_UIApplicationSceneManifest_Generation = YES;
				INFOPLIST_KEY_UIApplicationSupportsIndirectInputEvents = YES;
				INFOPLIST_KEY_UILaunchScreen_Generation = YES;
				INFOPLIST_KEY_UISupportedInterfaceOrientations_iPad = "UIInterfaceOrientationPortrait UIInterfaceOrientationPortraitUpsideDown UIInterfaceOrientationLandscapeLeft UIInterfaceOrientationLandscapeRight";
				INFOPLIST_KEY_UISupportedInterfaceOrientations_iPhone = "UIInterfaceOrientationPortrait UIInterfaceOrientationLandscapeLeft UIInterfaceOrientationLandscapeRight";
				LD_RUNPATH_SEARCH_PATHS = (
					"$(inherited)",
					"@executable_path/Frameworks",
				);
				MARKETING_VERSION = 1.0;
				PRODUCT_BUNDLE_IDENTIFIER = ipz31.lab3;
				PRODUCT_NAME = "$(TARGET_NAME)";
				SWIFT_EMIT_LOC_STRINGS = YES;
				SWIFT_VERSION = 5.0;
				TARGETED_DEVICE_FAMILY = "1,2";
			};
			name = Release;
		};
		E5FF4F4F2CAE7B5E00D4F1FC /* Debug */ = {
			isa = XCBuildConfiguration;
			buildSettings = {
				ALWAYS_EMBED_SWIFT_STANDARD_LIBRARIES = YES;
				BUNDLE_LOADER = "$(TEST_HOST)";
				CODE_SIGN_STYLE = Automatic;
				CURRENT_PROJECT_VERSION = 1;
				GENERATE_INFOPLIST_FILE = YES;
				IPHONEOS_DEPLOYMENT_TARGET = 17.5;
				MARKETING_VERSION = 1.0;
				PRODUCT_BUNDLE_IDENTIFIER = ipz31.lab3Tests;
				PRODUCT_NAME = "$(TARGET_NAME)";
				SWIFT_EMIT_LOC_STRINGS = NO;
				SWIFT_VERSION = 5.0;
				TARGETED_DEVICE_FAMILY = "1,2";
				TEST_HOST = "$(BUILT_PRODUCTS_DIR)/lab3.app/$(BUNDLE_EXECUTABLE_FOLDER_PATH)/lab3";
			};
			name = Debug;
		};
		E5FF4F502CAE7B5E00D4F1FC /* Release */ = {
			isa = XCBuildConfiguration;
			buildSettings = {
				ALWAYS_EMBED_SWIFT_STANDARD_LIBRARIES = YES;
				BUNDLE_LOADER = "$(TEST_HOST)";
				CODE_SIGN_STYLE = Automatic;
				CURRENT_PROJECT_VERSION = 1;
				GENERATE_INFOPLIST_FILE = YES;
				IPHONEOS_DEPLOYMENT_TARGET = 17.5;
				MARKETING_VERSION = 1.0;
				PRODUCT_BUNDLE_IDENTIFIER = ipz31.lab3Tests;
				PRODUCT_NAME = "$(TARGET_NAME)";
				SWIFT_EMIT_LOC_STRINGS = NO;
				SWIFT_VERSION = 5.0;
				TARGETED_DEVICE_FAMILY = "1,2";
				TEST_HOST = "$(BUILT_PRODUCTS_DIR)/lab3.app/$(BUNDLE_EXECUTABLE_FOLDER_PATH)/lab3";
			};
			name = Release;
		};
		E5FF4F522CAE7B5E00D4F1FC /* Debug */ = {
			isa = XCBuildConfiguration;
			buildSettings = {
				ALWAYS_EMBED_SWIFT_STANDARD_LIBRARIES = YES;
				CODE_SIGN_STYLE = Automatic;
				CURRENT_PROJECT_VERSION = 1;
				GENERATE_INFOPLIST_FILE = YES;
				MARKETING_VERSION = 1.0;
				PRODUCT_BUNDLE_IDENTIFIER = ipz31.lab3UITests;
				PRODUCT_NAME = "$(TARGET_NAME)";
				SWIFT_EMIT_LOC_STRINGS = NO;
				SWIFT_VERSION = 5.0;
				TARGETED_DEVICE_FAMILY = "1,2";
				TEST_TARGET_NAME = lab3;
			};
			name = Debug;
		};
		E5FF4F532CAE7B5E00D4F1FC /* Release */ = {
			isa = XCBuildConfiguration;
			buildSettings = {
				ALWAYS_EMBED_SWIFT_STANDARD_LIBRARIES = YES;
				CODE_SIGN_STYLE = Automatic;
				CURRENT_PROJECT_VERSION = 1;
				GENERATE_INFOPLIST_FILE = YES;
				MARKETING_VERSION = 1.0;
				PRODUCT_BUNDLE_IDENTIFIER = ipz31.lab3UITests;
				PRODUCT_NAME = "$(TARGET_NAME)";
				SWIFT_EMIT_LOC_STRINGS = NO;
				SWIFT_VERSION = 5.0;
				TARGETED_DEVICE_FAMILY = "1,2";
				TEST_TARGET_NAME = lab3;
			};
			name = Release;
		};
/* End XCBuildConfiguration section */

/* Begin XCConfigurationList section */
		E5FF4F222CAE7B5C00D4F1FC /* Build configuration list for PBXProject "lab3" */ = {
			isa = XCConfigurationList;
			buildConfigurations = (
				E5FF4F492CAE7B5E00D4F1FC /* Debug */,
				E5FF4F4A2CAE7B5E00D4F1FC /* Release */,
			);
			defaultConfigurationIsVisible = 0;
			defaultConfigurationName = Release;
		};
		E5FF4F4B2CAE7B5E00D4F1FC /* Build configuration list for PBXNativeTarget "lab3" */ = {
			isa = XCConfigurationList;
			buildConfigurations = (
				E5FF4F4C2CAE7B5E00D4F1FC /* Debug */,
				E5FF4F4D2CAE7B5E00D4F1FC /* Release */,
			);
			defaultConfigurationIsVisible = 0;
			defaultConfigurationName = Release;
		};
		E5FF4F4E2CAE7B5E00D4F1FC /* Build configuration list for PBXNativeTarget "lab3Tests" */ = {
			isa = XCConfigurationList;
			buildConfigurations = (
				E5FF4F4F2CAE7B5E00D4F1FC /* Debug */,
				E5FF4F502CAE7B5E00D4F1FC /* Release */,
			);
			defaultConfigurationIsVisible = 0;
			defaultConfigurationName = Release;
		};
		E5FF4F512CAE7B5E00D4F1FC /* Build configuration list for PBXNativeTarget "lab3UITests" */ = {
			isa = XCConfigurationList;
			buildConfigurations = (
				E5FF4F522CAE7B5E00D4F1FC /* Debug */,
				E5FF4F532CAE7B5E00D4F1FC /* Release */,
			);
			defaultConfigurationIsVisible = 0;
			defaultConfigurationName = Release;
		};
/* End XCConfigurationList section */
	};
	rootObject = E5FF4F1F2CAE7B5C00D4F1FC /* Project object */;
}
